
Microsoft Visual Studio Solution File, Format Version 12.00
# Visual Studio 14
VisualStudioVersion = 14.0.25420.1
MinimumVisualStudioVersion = 10.0.40219.1
Project("{8BC9CEB8-8B4A-11D0-8D11-00A0C91BC942}") = "GetProcessName", "GetProcessName\GetProcessName.vcxproj", "{191A501F-5B6F-4F41-A90D-011EE18FD650}"
EndProject
Project("{8BC9CEB8-8B4A-11D0-8D11-00A0C91BC942}") = "ToolboxDriver", "ToolBoxDriver\picopoc.vcxproj", "{4C048BB2-7E8D-43BF-B29D-942461275023}"
EndProject
Global
	GlobalSection(SolutionConfigurationPlatforms) = preSolution
		Debug|x64 = Debug|x64
		Debug|x86 = Debug|x86
		Release|x64 = Release|x64
		Release|x86 = Release|x86
	EndGlobalSection
	GlobalSection(ProjectConfigurationPlatforms) = postSolution
		{191A501F-5B6F-4F41-A90D-011EE18FD650}.Debug|x64.ActiveCfg = Debug|x64
		{191A501F-5B6F-4F41-A90D-011EE18FD650}.Debug|x64.Build.0 = Debug|x64
		{191A501F-5B6F-4F41-A90D-011EE18FD650}.Debug|x86.ActiveCfg = Debug|Win32
		{191A501F-5B6F-4F41-A90D-011EE18FD650}.Debug|x86.Build.0 = Debug|Win32
		{191A501F-5B6F-4F41-A90D-011EE18FD650}.Release|x64.ActiveCfg = Release|x64
		{191A501F-5B6F-4F41-A90D-011EE18FD650}.Release|x64.Build.0 = Release|x64
		{191A501F-5B6F-4F41-A90D-011EE18FD650}.Release|x86.ActiveCfg = Release|Win32
		{191A501F-5B6F-4F41-A90D-011EE18FD650}.Release|x86.Build.0 = Release|Win32
		{4C048BB2-7E8D-43BF-B29D-942461275023}.Debug|x64.ActiveCfg = Debug|x64
		{4C048BB2-7E8D-43BF-B29D-942461275023}.Debug|x64.Build.0 = Debug|x64
		{4C048BB2-7E8D-43BF-B29D-942461275023}.Debug|x64.Deploy.0 = Debug|x64
		{4C048BB2-7E8D-43BF-B29D-942461275023}.Debug|x86.ActiveCfg = Debug|Win32
		{4C048BB2-7E8D-43BF-B29D-942461275023}.Debug|x86.Build.0 = Debug|Win32
		{4C048BB2-7E8D-43BF-B29D-942461275023}.Debug|x86.Deploy.0 = Debug|Win32
		{4C048BB2-7E8D-43BF-B29D-942461275023}.Release|x64.ActiveCfg = Release|x64
		{4C048BB2-7E8D-43BF-B29D-942461275023}.Release|x64.Build.0 = Release|x64
		{4C048BB2-7E8D-43BF-B29D-942461275023}.Release|x64.Deploy.0 = Release|x64
		{4C048BB2-7E8D-43BF-B29D-942461275023}.Release|x86.ActiveCfg = Release|Win32
		{4C048BB2-7E8D-43BF-B29D-942461275023}.Release|x86.Build.0 = Release|Win32
		{4C048BB2-7E8D-43BF-B29D-942461275023}.Release|x86.Deploy.0 = Release|Win32
	EndGlobalSection
	GlobalSection(SolutionProperties) = preSolution
		HideSolutionNode = FALSE
	EndGlobalSection
EndGlobal
